
Microsoft Visual Studio Solution File, Format Version 12.00
# Visual Studio Version 17
VisualStudioVersion = 17.9.34728.123
MinimumVisualStudioVersion = 10.0.40219.1
Project("{FAE04EC0-301F-11D3-BF4B-00C04F79EFBC}") = "db-videogames-query", "db-videogames-query\db-videogames-query.csproj", "{B041A647-1BEA-4389-BC58-0B2BB84C7F02}"
EndProject
Global
	GlobalSection(SolutionConfigurationPlatforms) = preSolution
		Debug|Any CPU = Debug|Any CPU
		Release|Any CPU = Release|Any CPU
	EndGlobalSection
	GlobalSection(ProjectConfigurationPlatforms) = postSolution
		{B041A647-1BEA-4389-BC58-0B2BB84C7F02}.Debug|Any CPU.ActiveCfg = Debug|Any CPU
		{B041A647-1BEA-4389-BC58-0B2BB84C7F02}.Debug|Any CPU.Build.0 = Debug|Any CPU
		{B041A647-1BEA-4389-BC58-0B2BB84C7F02}.Release|Any CPU.ActiveCfg = Release|Any CPU
		{B041A647-1BEA-4389-BC58-0B2BB84C7F02}.Release|Any CPU.Build.0 = Release|Any CPU
	EndGlobalSection
	GlobalSection(SolutionProperties) = preSolution
		HideSolutionNode = FALSE
	EndGlobalSection
	GlobalSection(ExtensibilityGlobals) = postSolution
		SolutionGuid = {3A97B1D0-8630-4763-8567-EF141A06FC71}
	EndGlobalSection
EndGlobal
